
Microsoft Visual Studio Solution File, Format Version 12.00
# Visual Studio 15
VisualStudioVersion = 15.0.27428.2002
MinimumVisualStudioVersion = 10.0.40219.1
Project("{FAE04EC0-301F-11D3-BF4B-00C04F79EFBC}") = "hello-world-grote", "hello-world-grote\hello-world-grote.csproj", "{C7118786-C8CA-43ED-AC07-F9E69E360625}"
EndProject
Global
	GlobalSection(SolutionConfigurationPlatforms) = preSolution
		Debug|Any CPU = Debug|Any CPU
		Release|Any CPU = Release|Any CPU
	EndGlobalSection
	GlobalSection(ProjectConfigurationPlatforms) = postSolution
		{C7118786-C8CA-43ED-AC07-F9E69E360625}.Debug|Any CPU.ActiveCfg = Debug|Any CPU
		{C7118786-C8CA-43ED-AC07-F9E69E360625}.Debug|Any CPU.Build.0 = Debug|Any CPU
		{C7118786-C8CA-43ED-AC07-F9E69E360625}.Release|Any CPU.ActiveCfg = Release|Any CPU
		{C7118786-C8CA-43ED-AC07-F9E69E360625}.Release|Any CPU.Build.0 = Release|Any CPU
	EndGlobalSection
	GlobalSection(SolutionProperties) = preSolution
		HideSolutionNode = FALSE
	EndGlobalSection
	GlobalSection(ExtensibilityGlobals) = postSolution
		SolutionGuid = {5D30433C-374E-4C0B-B1DD-DA3299756AA4}
	EndGlobalSection
EndGlobal
